{
  "version": 4,
  "terraform_version": "1.3.7",
  "serial": 173,
  "lineage": "51072729-442b-b91f-4c70-106815850c57",
  "outputs": {
    "address_space": {
      "value": [
        "10.0.0.0/16"
      ],
      "type": [
        "list",
        "string"
      ]
    },
    "database_name": {
      "value": "n5456-database",
      "type": "string"
    },
    "la_workspace_name": {
      "value": "log-workspace",
      "type": "string"
    },
    "linux_vm_ids": {
      "value": [
        "/subscriptions/433e2b60-a8c1-4445-a202-aa9c646e3998/resourceGroups/N01585456-assignment2-RG/providers/Microsoft.Compute/virtualMachines/linux-vm-1",
        "/subscriptions/433e2b60-a8c1-4445-a202-aa9c646e3998/resourceGroups/N01585456-assignment2-RG/providers/Microsoft.Compute/virtualMachines/linux-vm-2"
      ],
      "type": [
        "tuple",
        [
          "string",
          "string"
        ]
      ]
    },
    "load_balancer_name": {
      "value": "loadbalancer",
      "type": "string"
    },
    "resource_group_name": {
      "value": "N01585456-assignment2-RG",
      "type": "string"
    },
    "rs_vault_name": {
      "value": "recovery-vault",
      "type": "string"
    },
    "storage_account_name": {
      "value": "stacc5456",
      "type": "string"
    },
    "subnet_address_prefix": {
      "value": [
        "10.0.1.0/24"
      ],
      "type": [
        "list",
        "string"
      ]
    },
    "subnet_name": {
      "value": "subnet1",
      "type": "string"
    },
    "vm_domains": {
      "value": [
        "linux-vm-1-dnslabel",
        "linux-vm-2-dnslabel"
      ],
      "type": [
        "tuple",
        [
          "string",
          "string"
        ]
      ]
    },
    "vm_hostnames": {
      "value": [
        "linux-vm-1",
        "linux-vm-2"
      ],
      "type": [
        "tuple",
        [
          "string",
          "string"
        ]
      ]
    },
    "vm_private_ips": {
      "value": [
        "10.0.1.6",
        "10.0.1.5"
      ],
      "type": [
        "tuple",
        [
          "string",
          "string"
        ]
      ]
    },
    "vm_public_ips": {
      "value": [
        "20.124.229.17",
        "20.124.216.234"
      ],
      "type": [
        "tuple",
        [
          "string",
          "string"
        ]
      ]
    },
    "vm_windows_hostname": {
      "value": [
        "vm-windows"
      ],
      "type": [
        "list",
        "string"
      ],
      "sensitive": true
    },
    "vm_windows_private_ip": {
      "value": "10.0.1.4",
      "type": "string"
    },
    "vm_windows_public_ip": {
      "value": "20.124.237.33",
      "type": "string"
    },
    "vmwindows_vm_id": {
      "value": "/subscriptions/433e2b60-a8c1-4445-a202-aa9c646e3998/resourceGroups/N01585456-assignment2-RG/providers/Microsoft.Compute/virtualMachines/vm-windows",
      "type": "string"
    },
    "vnet_name": {
      "value": "vnet5456",
      "type": "string"
    }
  },
  "resources": [
    {
      "mode": "managed",
      "type": "null_resource",
      "name": "ansible",
      "provider": "provider[\"registry.terraform.io/hashicorp/null\"]",
      "instances": [
        {
          "schema_version": 0,
          "attributes": {
            "id": "5543898097281213443",
            "triggers": null
          },
          "sensitive_attributes": []
        }
      ]
    },
    {
      "module": "module.common",
      "mode": "managed",
      "type": "azurerm_log_analytics_workspace",
      "name": "log_workspace",
      "provider": "provider[\"registry.terraform.io/hashicorp/azurerm\"]",
      "instances": [
        {
          "schema_version": 3,
          "attributes": {
            "allow_resource_only_permissions": true,
            "cmk_for_query_forced": false,
            "daily_quota_gb": -1,
            "id": "/subscriptions/433e2b60-a8c1-4445-a202-aa9c646e3998/resourceGroups/N01585456-assignment2-RG/providers/Microsoft.OperationalInsights/workspaces/log-workspace",
            "internet_ingestion_enabled": true,
            "internet_query_enabled": true,
            "local_authentication_disabled": false,
            "location": "eastus",
            "name": "log-workspace",
            "primary_shared_key": "QHzVwH+18s2+cbGmyLqtnc7JejAPgLsULeQrhhdJjLS3a2Obq0DQ7OEIHlmDAhcqazOEtQl7hdKNO71Ut5NQBQ==",
            "reservation_capacity_in_gb_per_day": null,
            "resource_group_name": "N01585456-assignment2-RG",
            "retention_in_days": 30,
            "secondary_shared_key": "WCbcL8TXcPWPGKEPzAW+2O9hPojy5PYqY+/Pz7c8Qc0nXKZf+auCUlmEX9kH2YbIObqeAqfUvpiLHmzRtJEb5A==",
            "sku": "PerGB2018",
            "tags": {
              "Environment": "Lab",
              "ExpirationDate": "2023-06-30",
              "Name": "faiz.radhanpuri",
              "Project": "Automation Project – Assignment 2"
            },
            "timeouts": null,
            "workspace_id": "1e284d23-8249-4766-9c6a-7a47c1cc7b3b"
          },
          "sensitive_attributes": [],
          "private": "eyJlMmJmYjczMC1lY2FhLTExZTYtOGY4OC0zNDM2M2JjN2M0YzAiOnsiY3JlYXRlIjoxODAwMDAwMDAwMDAwLCJkZWxldGUiOjE4MDAwMDAwMDAwMDAsInJlYWQiOjMwMDAwMDAwMDAwMCwidXBkYXRlIjoxODAwMDAwMDAwMDAwfSwic2NoZW1hX3ZlcnNpb24iOiIzIn0=",
          "dependencies": [
            "module.rgroup.azurerm_resource_group.rgroup5456"
          ]
        }
      ]
    },
    {
      "module": "module.common",
      "mode": "managed",
      "type": "azurerm_recovery_services_vault",
      "name": "recovery_vault",
      "provider": "provider[\"registry.terraform.io/hashicorp/azurerm\"]",
      "instances": [
        {
          "schema_version": 0,
          "attributes": {
            "classic_vmware_replication_enabled": null,
            "cross_region_restore_enabled": false,
            "encryption": [],
            "id": "/subscriptions/433e2b60-a8c1-4445-a202-aa9c646e3998/resourceGroups/N01585456-assignment2-RG/providers/Microsoft.RecoveryServices/vaults/recovery-vault",
            "identity": [],
            "immutability": null,
            "location": "eastus",
            "name": "recovery-vault",
            "public_network_access_enabled": true,
            "resource_group_name": "N01585456-assignment2-RG",
            "sku": "Standard",
            "soft_delete_enabled": true,
            "storage_mode_type": "GeoRedundant",
            "tags": {
              "Environment": "Lab",
              "ExpirationDate": "2023-06-30",
              "Name": "faiz.radhanpuri",
              "Project": "Automation Project – Assignment 2"
            },
            "timeouts": null
          },
          "sensitive_attributes": [],
          "private": "eyJlMmJmYjczMC1lY2FhLTExZTYtOGY4OC0zNDM2M2JjN2M0YzAiOnsiY3JlYXRlIjo3MjAwMDAwMDAwMDAwLCJkZWxldGUiOjE4MDAwMDAwMDAwMDAsInJlYWQiOjMwMDAwMDAwMDAwMCwidXBkYXRlIjozNjAwMDAwMDAwMDAwfX0=",
          "dependencies": [
            "module.rgroup.azurerm_resource_group.rgroup5456"
          ]
        }
      ]
    },
    {
      "module": "module.common",
      "mode": "managed",
      "type": "azurerm_storage_account",
      "name": "storage_account",
      "provider": "provider[\"registry.terraform.io/hashicorp/azurerm\"]",
      "instances": [
        {
          "schema_version": 3,
          "attributes": {
            "access_tier": "Hot",
            "account_kind": "StorageV2",
            "account_replication_type": "LRS",
            "account_tier": "Standard",
            "allow_nested_items_to_be_public": true,
            "allowed_copy_scope": "",
            "azure_files_authentication": [],
            "blob_properties": [
              {
                "change_feed_enabled": false,
                "change_feed_retention_in_days": 0,
                "container_delete_retention_policy": [],
                "cors_rule": [],
                "default_service_version": "",
                "delete_retention_policy": [],
                "last_access_time_enabled": false,
                "restore_policy": [],
                "versioning_enabled": false
              }
            ],
            "cross_tenant_replication_enabled": true,
            "custom_domain": [],
            "customer_managed_key": [],
            "default_to_oauth_authentication": false,
            "edge_zone": "",
            "enable_https_traffic_only": true,
            "id": "/subscriptions/433e2b60-a8c1-4445-a202-aa9c646e3998/resourceGroups/N01585456-assignment2-RG/providers/Microsoft.Storage/storageAccounts/stacc5456",
            "identity": [],
            "immutability_policy": [],
            "infrastructure_encryption_enabled": false,
            "is_hns_enabled": false,
            "large_file_share_enabled": null,
            "location": "eastus",
            "min_tls_version": "TLS1_2",
            "name": "stacc5456",
            "network_rules": [
              {
                "bypass": [
                  "AzureServices"
                ],
                "default_action": "Allow",
                "ip_rules": [],
                "private_link_access": [],
                "virtual_network_subnet_ids": []
              }
            ],
            "nfsv3_enabled": false,
            "primary_access_key": "9wFs4MH1XCTRjU2pGLbbafxNLdK5oA69UPkyLnQ5rRrwUefbG4uVkgdyqv9nABdX7TuNXxkpXXfm+AStvTe5Vg==",
            "primary_blob_connection_string": "DefaultEndpointsProtocol=https;BlobEndpoint=https://stacc5456.blob.core.windows.net/;AccountName=stacc5456;AccountKey=9wFs4MH1XCTRjU2pGLbbafxNLdK5oA69UPkyLnQ5rRrwUefbG4uVkgdyqv9nABdX7TuNXxkpXXfm+AStvTe5Vg==",
            "primary_blob_endpoint": "https://stacc5456.blob.core.windows.net/",
            "primary_blob_host": "stacc5456.blob.core.windows.net",
            "primary_connection_string": "DefaultEndpointsProtocol=https;AccountName=stacc5456;AccountKey=9wFs4MH1XCTRjU2pGLbbafxNLdK5oA69UPkyLnQ5rRrwUefbG4uVkgdyqv9nABdX7TuNXxkpXXfm+AStvTe5Vg==;EndpointSuffix=core.windows.net",
            "primary_dfs_endpoint": "https://stacc5456.dfs.core.windows.net/",
            "primary_dfs_host": "stacc5456.dfs.core.windows.net",
            "primary_file_endpoint": "https://stacc5456.file.core.windows.net/",
            "primary_file_host": "stacc5456.file.core.windows.net",
            "primary_location": "eastus",
            "primary_queue_endpoint": "https://stacc5456.queue.core.windows.net/",
            "primary_queue_host": "stacc5456.queue.core.windows.net",
            "primary_table_endpoint": "https://stacc5456.table.core.windows.net/",
            "primary_table_host": "stacc5456.table.core.windows.net",
            "primary_web_endpoint": "https://stacc5456.z13.web.core.windows.net/",
            "primary_web_host": "stacc5456.z13.web.core.windows.net",
            "public_network_access_enabled": true,
            "queue_encryption_key_type": "Service",
            "queue_properties": [
              {
                "cors_rule": [],
                "hour_metrics": [
                  {
                    "enabled": true,
                    "include_apis": true,
                    "retention_policy_days": 7,
                    "version": "1.0"
                  }
                ],
                "logging": [
                  {
                    "delete": false,
                    "read": false,
                    "retention_policy_days": 0,
                    "version": "1.0",
                    "write": false
                  }
                ],
                "minute_metrics": [
                  {
                    "enabled": false,
                    "include_apis": false,
                    "retention_policy_days": 0,
                    "version": "1.0"
                  }
                ]
              }
            ],
            "resource_group_name": "N01585456-assignment2-RG",
            "routing": [],
            "sas_policy": [],
            "secondary_access_key": "6LntCRdYdBj42APchV/44XPL6vbJ0s+bAd3b7Z9awLvz1ZoKrOzQTLmONwBEBhrstUPiJ90QslrH+ASta1WN2Q==",
            "secondary_blob_connection_string": "",
            "secondary_blob_endpoint": null,
            "secondary_blob_host": null,
            "secondary_connection_string": "DefaultEndpointsProtocol=https;AccountName=stacc5456;AccountKey=6LntCRdYdBj42APchV/44XPL6vbJ0s+bAd3b7Z9awLvz1ZoKrOzQTLmONwBEBhrstUPiJ90QslrH+ASta1WN2Q==;EndpointSuffix=core.windows.net",
            "secondary_dfs_endpoint": null,
            "secondary_dfs_host": null,
            "secondary_file_endpoint": null,
            "secondary_file_host": null,
            "secondary_location": "",
            "secondary_queue_endpoint": null,
            "secondary_queue_host": null,
            "secondary_table_endpoint": null,
            "secondary_table_host": null,
            "secondary_web_endpoint": null,
            "secondary_web_host": null,
            "sftp_enabled": false,
            "share_properties": [
              {
                "cors_rule": [],
                "retention_policy": [
                  {
                    "days": 7
                  }
                ],
                "smb": []
              }
            ],
            "shared_access_key_enabled": true,
            "static_website": [],
            "table_encryption_key_type": "Service",
            "tags": {
              "Environment": "Lab",
              "ExpirationDate": "2023-06-30",
              "Name": "faiz.radhanpuri",
              "Project": "Automation Project – Assignment 2"
            },
            "timeouts": null
          },
          "sensitive_attributes": [],
          "private": "eyJlMmJmYjczMC1lY2FhLTExZTYtOGY4OC0zNDM2M2JjN2M0YzAiOnsiY3JlYXRlIjozNjAwMDAwMDAwMDAwLCJkZWxldGUiOjM2MDAwMDAwMDAwMDAsInJlYWQiOjMwMDAwMDAwMDAwMCwidXBkYXRlIjozNjAwMDAwMDAwMDAwfSwic2NoZW1hX3ZlcnNpb24iOiIzIn0=",
          "dependencies": [
            "module.rgroup.azurerm_resource_group.rgroup5456"
          ]
        }
      ]
    },
    {
      "module": "module.database",
      "mode": "managed",
      "type": "azurerm_postgresql_server",
      "name": "database",
      "provider": "provider[\"registry.terraform.io/hashicorp/azurerm\"]",
      "instances": [
        {
          "schema_version": 1,
          "attributes": {
            "administrator_login": "adminuser",
            "administrator_login_password": "Faiz@456",
            "auto_grow_enabled": true,
            "backup_retention_days": 7,
            "create_mode": "Default",
            "creation_source_server_id": null,
            "fqdn": "n5456-database.postgres.database.azure.com",
            "geo_redundant_backup_enabled": false,
            "id": "/subscriptions/433e2b60-a8c1-4445-a202-aa9c646e3998/resourceGroups/N01585456-assignment2-RG/providers/Microsoft.DBforPostgreSQL/servers/n5456-database",
            "identity": [],
            "infrastructure_encryption_enabled": false,
            "location": "eastus",
            "name": "n5456-database",
            "public_network_access_enabled": true,
            "resource_group_name": "N01585456-assignment2-RG",
            "restore_point_in_time": null,
            "sku_name": "B_Gen5_1",
            "ssl_enforcement_enabled": true,
            "ssl_minimal_tls_version_enforced": "TLS1_2",
            "storage_mb": 5120,
            "tags": {
              "Environment": "Lab",
              "ExpirationDate": "2023-06-30",
              "Name": "faiz.radhanpuri",
              "Project": "Automation Project – Assignment 2"
            },
            "threat_detection_policy": [],
            "timeouts": null,
            "version": "10.0"
          },
          "sensitive_attributes": [],
          "private": "eyJlMmJmYjczMC1lY2FhLTExZTYtOGY4OC0zNDM2M2JjN2M0YzAiOnsiY3JlYXRlIjozNjAwMDAwMDAwMDAwLCJkZWxldGUiOjM2MDAwMDAwMDAwMDAsInJlYWQiOjMwMDAwMDAwMDAwMCwidXBkYXRlIjozNjAwMDAwMDAwMDAwfSwic2NoZW1hX3ZlcnNpb24iOiIxIn0=",
          "dependencies": [
            "module.rgroup.azurerm_resource_group.rgroup5456"
          ]
        }
      ]
    },
    {
      "module": "module.datadisk",
      "mode": "managed",
      "type": "azurerm_managed_disk",
      "name": "data_disk",
      "provider": "provider[\"registry.terraform.io/hashicorp/azurerm\"]",
      "instances": [
        {
          "index_key": 0,
          "schema_version": 1,
          "attributes": {
            "create_option": "Empty",
            "disk_access_id": "",
            "disk_encryption_set_id": "",
            "disk_iops_read_only": 0,
            "disk_iops_read_write": 500,
            "disk_mbps_read_only": 0,
            "disk_mbps_read_write": 60,
            "disk_size_gb": 10,
            "edge_zone": "",
            "encryption_settings": [],
            "gallery_image_reference_id": "",
            "hyper_v_generation": "",
            "id": "/subscriptions/433e2b60-a8c1-4445-a202-aa9c646e3998/resourceGroups/N01585456-assignment2-RG/providers/Microsoft.Compute/disks/datadisk-0",
            "image_reference_id": "",
            "location": "eastus",
            "logical_sector_size": null,
            "max_shares": 0,
            "name": "datadisk-0",
            "network_access_policy": null,
            "on_demand_bursting_enabled": false,
            "os_type": "",
            "public_network_access_enabled": true,
            "resource_group_name": "N01585456-assignment2-RG",
            "secure_vm_disk_encryption_set_id": "",
            "security_type": "",
            "source_resource_id": "",
            "source_uri": "",
            "storage_account_id": "",
            "storage_account_type": "Standard_LRS",
            "tags": {
              "Environment": "Lab",
              "ExpirationDate": "2023-06-30",
              "Name": "faiz.radhanpuri",
              "Project": "Automation Project – Assignment 2"
            },
            "tier": "",
            "timeouts": null,
            "trusted_launch_enabled": false,
            "upload_size_bytes": 0,
            "zone": ""
          },
          "sensitive_attributes": [],
          "private": "eyJlMmJmYjczMC1lY2FhLTExZTYtOGY4OC0zNDM2M2JjN2M0YzAiOnsiY3JlYXRlIjoxODAwMDAwMDAwMDAwLCJkZWxldGUiOjE4MDAwMDAwMDAwMDAsInJlYWQiOjMwMDAwMDAwMDAwMCwidXBkYXRlIjoxODAwMDAwMDAwMDAwfSwic2NoZW1hX3ZlcnNpb24iOiIxIn0=",
          "dependencies": [
            "module.rgroup.azurerm_resource_group.rgroup5456"
          ]
        },
        {
          "index_key": 1,
          "schema_version": 1,
          "attributes": {
            "create_option": "Empty",
            "disk_access_id": "",
            "disk_encryption_set_id": "",
            "disk_iops_read_only": 0,
            "disk_iops_read_write": 500,
            "disk_mbps_read_only": 0,
            "disk_mbps_read_write": 60,
            "disk_size_gb": 10,
            "edge_zone": "",
            "encryption_settings": [],
            "gallery_image_reference_id": "",
            "hyper_v_generation": "",
            "id": "/subscriptions/433e2b60-a8c1-4445-a202-aa9c646e3998/resourceGroups/N01585456-assignment2-RG/providers/Microsoft.Compute/disks/datadisk-1",
            "image_reference_id": "",
            "location": "eastus",
            "logical_sector_size": null,
            "max_shares": 0,
            "name": "datadisk-1",
            "network_access_policy": null,
            "on_demand_bursting_enabled": false,
            "os_type": "",
            "public_network_access_enabled": true,
            "resource_group_name": "N01585456-assignment2-RG",
            "secure_vm_disk_encryption_set_id": "",
            "security_type": "",
            "source_resource_id": "",
            "source_uri": "",
            "storage_account_id": "",
            "storage_account_type": "Standard_LRS",
            "tags": {
              "Environment": "Lab",
              "ExpirationDate": "2023-06-30",
              "Name": "faiz.radhanpuri",
              "Project": "Automation Project – Assignment 2"
            },
            "tier": "",
            "timeouts": null,
            "trusted_launch_enabled": false,
            "upload_size_bytes": 0,
            "zone": ""
          },
          "sensitive_attributes": [],
          "private": "eyJlMmJmYjczMC1lY2FhLTExZTYtOGY4OC0zNDM2M2JjN2M0YzAiOnsiY3JlYXRlIjoxODAwMDAwMDAwMDAwLCJkZWxldGUiOjE4MDAwMDAwMDAwMDAsInJlYWQiOjMwMDAwMDAwMDAwMCwidXBkYXRlIjoxODAwMDAwMDAwMDAwfSwic2NoZW1hX3ZlcnNpb24iOiIxIn0=",
          "dependencies": [
            "module.rgroup.azurerm_resource_group.rgroup5456"
          ]
        },
        {
          "index_key": 2,
          "schema_version": 1,
          "attributes": {
            "create_option": "Empty",
            "disk_access_id": "",
            "disk_encryption_set_id": "",
            "disk_iops_read_only": 0,
            "disk_iops_read_write": 500,
            "disk_mbps_read_only": 0,
            "disk_mbps_read_write": 60,
            "disk_size_gb": 10,
            "edge_zone": "",
            "encryption_settings": [],
            "gallery_image_reference_id": "",
            "hyper_v_generation": "",
            "id": "/subscriptions/433e2b60-a8c1-4445-a202-aa9c646e3998/resourceGroups/N01585456-assignment2-RG/providers/Microsoft.Compute/disks/datadisk-2",
            "image_reference_id": "",
            "location": "eastus",
            "logical_sector_size": null,
            "max_shares": 0,
            "name": "datadisk-2",
            "network_access_policy": null,
            "on_demand_bursting_enabled": false,
            "os_type": "",
            "public_network_access_enabled": true,
            "resource_group_name": "N01585456-assignment2-RG",
            "secure_vm_disk_encryption_set_id": "",
            "security_type": "",
            "source_resource_id": "",
            "source_uri": "",
            "storage_account_id": "",
            "storage_account_type": "Standard_LRS",
            "tags": {
              "Environment": "Lab",
              "ExpirationDate": "2023-06-30",
              "Name": "faiz.radhanpuri",
              "Project": "Automation Project – Assignment 2"
            },
            "tier": "",
            "timeouts": null,
            "trusted_launch_enabled": false,
            "upload_size_bytes": 0,
            "zone": ""
          },
          "sensitive_attributes": [],
          "private": "eyJlMmJmYjczMC1lY2FhLTExZTYtOGY4OC0zNDM2M2JjN2M0YzAiOnsiY3JlYXRlIjoxODAwMDAwMDAwMDAwLCJkZWxldGUiOjE4MDAwMDAwMDAwMDAsInJlYWQiOjMwMDAwMDAwMDAwMCwidXBkYXRlIjoxODAwMDAwMDAwMDAwfSwic2NoZW1hX3ZlcnNpb24iOiIxIn0=",
          "dependencies": [
            "module.rgroup.azurerm_resource_group.rgroup5456"
          ]
        }
      ]
    },
    {
      "module": "module.datadisk",
      "mode": "managed",
      "type": "azurerm_virtual_machine_data_disk_attachment",
      "name": "data_disk_linux",
      "provider": "provider[\"registry.terraform.io/hashicorp/azurerm\"]",
      "instances": [
        {
          "index_key": 0,
          "schema_version": 0,
          "attributes": {
            "caching": "None",
            "create_option": "Attach",
            "id": "/subscriptions/433e2b60-a8c1-4445-a202-aa9c646e3998/resourceGroups/N01585456-assignment2-RG/providers/Microsoft.Compute/virtualMachines/linux-vm-1/dataDisks/datadisk-0",
            "lun": 0,
            "managed_disk_id": "/subscriptions/433e2b60-a8c1-4445-a202-aa9c646e3998/resourceGroups/N01585456-assignment2-RG/providers/Microsoft.Compute/disks/datadisk-0",
            "timeouts": null,
            "virtual_machine_id": "/subscriptions/433e2b60-a8c1-4445-a202-aa9c646e3998/resourceGroups/N01585456-assignment2-RG/providers/Microsoft.Compute/virtualMachines/linux-vm-1",
            "write_accelerator_enabled": false
          },
          "sensitive_attributes": [],
          "private": "eyJlMmJmYjczMC1lY2FhLTExZTYtOGY4OC0zNDM2M2JjN2M0YzAiOnsiY3JlYXRlIjoxODAwMDAwMDAwMDAwLCJkZWxldGUiOjE4MDAwMDAwMDAwMDAsInJlYWQiOjMwMDAwMDAwMDAwMCwidXBkYXRlIjoxODAwMDAwMDAwMDAwfX0=",
          "dependencies": [
            "module.common.azurerm_storage_account.storage_account",
            "module.datadisk.azurerm_managed_disk.data_disk",
            "module.linux.azurerm_availability_set.av_set5456",
            "module.linux.azurerm_linux_virtual_machine.linux_vm",
            "module.linux.azurerm_network_interface.nic5456",
            "module.linux.azurerm_public_ip.public_ip5456",
            "module.network.azurerm_subnet.subnet5456",
            "module.network.azurerm_virtual_network.vnet5456",
            "module.rgroup.azurerm_resource_group.rgroup5456"
          ]
        },
        {
          "index_key": 1,
          "schema_version": 0,
          "attributes": {
            "caching": "None",
            "create_option": "Attach",
            "id": "/subscriptions/433e2b60-a8c1-4445-a202-aa9c646e3998/resourceGroups/N01585456-assignment2-RG/providers/Microsoft.Compute/virtualMachines/linux-vm-2/dataDisks/datadisk-1",
            "lun": 1,
            "managed_disk_id": "/subscriptions/433e2b60-a8c1-4445-a202-aa9c646e3998/resourceGroups/N01585456-assignment2-RG/providers/Microsoft.Compute/disks/datadisk-1",
            "timeouts": null,
            "virtual_machine_id": "/subscriptions/433e2b60-a8c1-4445-a202-aa9c646e3998/resourceGroups/N01585456-assignment2-RG/providers/Microsoft.Compute/virtualMachines/linux-vm-2",
            "write_accelerator_enabled": false
          },
          "sensitive_attributes": [],
          "private": "eyJlMmJmYjczMC1lY2FhLTExZTYtOGY4OC0zNDM2M2JjN2M0YzAiOnsiY3JlYXRlIjoxODAwMDAwMDAwMDAwLCJkZWxldGUiOjE4MDAwMDAwMDAwMDAsInJlYWQiOjMwMDAwMDAwMDAwMCwidXBkYXRlIjoxODAwMDAwMDAwMDAwfX0=",
          "dependencies": [
            "module.common.azurerm_storage_account.storage_account",
            "module.datadisk.azurerm_managed_disk.data_disk",
            "module.linux.azurerm_availability_set.av_set5456",
            "module.linux.azurerm_linux_virtual_machine.linux_vm",
            "module.linux.azurerm_network_interface.nic5456",
            "module.linux.azurerm_public_ip.public_ip5456",
            "module.network.azurerm_subnet.subnet5456",
            "module.network.azurerm_virtual_network.vnet5456",
            "module.rgroup.azurerm_resource_group.rgroup5456"
          ]
        }
      ]
    },
    {
      "module": "module.datadisk",
      "mode": "managed",
      "type": "azurerm_virtual_machine_data_disk_attachment",
      "name": "data_disk_windows",
      "provider": "provider[\"registry.terraform.io/hashicorp/azurerm\"]",
      "instances": [
        {
          "schema_version": 0,
          "attributes": {
            "caching": "None",
            "create_option": "Attach",
            "id": "/subscriptions/433e2b60-a8c1-4445-a202-aa9c646e3998/resourceGroups/N01585456-assignment2-RG/providers/Microsoft.Compute/virtualMachines/vm-windows/dataDisks/datadisk-2",
            "lun": 0,
            "managed_disk_id": "/subscriptions/433e2b60-a8c1-4445-a202-aa9c646e3998/resourceGroups/N01585456-assignment2-RG/providers/Microsoft.Compute/disks/datadisk-2",
            "timeouts": null,
            "virtual_machine_id": "/subscriptions/433e2b60-a8c1-4445-a202-aa9c646e3998/resourceGroups/N01585456-assignment2-RG/providers/Microsoft.Compute/virtualMachines/vm-windows",
            "write_accelerator_enabled": false
          },
          "sensitive_attributes": [],
          "private": "eyJlMmJmYjczMC1lY2FhLTExZTYtOGY4OC0zNDM2M2JjN2M0YzAiOnsiY3JlYXRlIjoxODAwMDAwMDAwMDAwLCJkZWxldGUiOjE4MDAwMDAwMDAwMDAsInJlYWQiOjMwMDAwMDAwMDAwMCwidXBkYXRlIjoxODAwMDAwMDAwMDAwfX0=",
          "dependencies": [
            "module.common.azurerm_storage_account.storage_account",
            "module.datadisk.azurerm_managed_disk.data_disk",
            "module.network.azurerm_subnet.subnet5456",
            "module.network.azurerm_virtual_network.vnet5456",
            "module.rgroup.azurerm_resource_group.rgroup5456",
            "module.vm_windows.azurerm_availability_set.windows_availaibility_set",
            "module.vm_windows.azurerm_network_interface.vm_nic5456",
            "module.vm_windows.azurerm_public_ip.windows_public_ip",
            "module.vm_windows.azurerm_virtual_machine.windows_vm"
          ]
        }
      ]
    },
    {
      "module": "module.linux",
      "mode": "managed",
      "type": "azurerm_availability_set",
      "name": "av_set5456",
      "provider": "provider[\"registry.terraform.io/hashicorp/azurerm\"]",
      "instances": [
        {
          "schema_version": 0,
          "attributes": {
            "id": "/subscriptions/433e2b60-a8c1-4445-a202-aa9c646e3998/resourceGroups/N01585456-assignment2-RG/providers/Microsoft.Compute/availabilitySets/linux-av-set5456",
            "location": "eastus",
            "managed": true,
            "name": "linux-av-set5456",
            "platform_fault_domain_count": 3,
            "platform_update_domain_count": 5,
            "proximity_placement_group_id": null,
            "resource_group_name": "N01585456-assignment2-RG",
            "tags": {
              "Environment": "Lab",
              "ExpirationDate": "2023-06-30",
              "Name": "faiz.radhanpuri",
              "Project": "Automation Project – Assignment 2"
            },
            "timeouts": null
          },
          "sensitive_attributes": [],
          "private": "eyJlMmJmYjczMC1lY2FhLTExZTYtOGY4OC0zNDM2M2JjN2M0YzAiOnsiY3JlYXRlIjoxODAwMDAwMDAwMDAwLCJkZWxldGUiOjE4MDAwMDAwMDAwMDAsInJlYWQiOjMwMDAwMDAwMDAwMCwidXBkYXRlIjoxODAwMDAwMDAwMDAwfX0=",
          "dependencies": [
            "module.rgroup.azurerm_resource_group.rgroup5456"
          ]
        }
      ]
    },
    {
      "module": "module.linux",
      "mode": "managed",
      "type": "azurerm_linux_virtual_machine",
      "name": "linux_vm",
      "provider": "provider[\"registry.terraform.io/hashicorp/azurerm\"]",
      "instances": [
        {
          "index_key": 0,
          "schema_version": 0,
          "attributes": {
            "additional_capabilities": [],
            "admin_password": null,
            "admin_ssh_key": [
              {
                "public_key": "ssh-rsa AAAAB3NzaC1yc2EAAAADAQABAAABgQDotcxaiT4sDBrMTAdyuOlNFDTY0E/Z1mGhoqzIDGJDfgHpIycYRIDGZt3RZm43tK+jcE198fkYdR6ADveTNZw9U1Jaae7+n6uCXI05lLDcJ+G1Y9r+U3CZvM6CRlIrrHY0qRQnHX2h6HQ4eRPVs43qh/CrDD2Y2MZZu6Nmfxka1x0yUo1yBKMp+fPW3snykhjEMnae4QPtS4j/rZusDWJSXaxZndgddMulmf3rLkljqXAOzCW1+MTETlfWD7403i26Ss1Ee77mWBpE51TLP7+9XKiUeLU3QJiw8gJxZixoRUa0EMFDOUms7cxUKOwCgFHO0zbPhmAha6N+EQB7qSQyHj/cldD1TgKz0yo5pp4Vg+3GH7KQCvKc4bZJo9B2HNyFOeXxqvIy86NEN+W7HcvS/hqNukqAux/zFJYeSF7oF4J2ICK7ohM9oXb0dJFhK22VTv/6ra9egtSzjxV64nLBm5WpduMVSnP3qMpuceqepFSKGjw3vugjdTY4KQBd2Qc= faizu@FaizusMAChine\n",
                "username": "adminuser"
              }
            ],
            "admin_username": "adminuser",
            "allow_extension_operations": true,
            "availability_set_id": "/subscriptions/433e2b60-a8c1-4445-a202-aa9c646e3998/resourceGroups/N01585456-assignment2-RG/providers/Microsoft.Compute/availabilitySets/LINUX-AV-SET5456",
            "boot_diagnostics": [
              {
                "storage_account_uri": "https://stacc5456.blob.core.windows.net/"
              }
            ],
            "capacity_reservation_group_id": "",
            "computer_name": "linux-vm-1-dnslabel",
            "custom_data": null,
            "dedicated_host_group_id": "",
            "dedicated_host_id": "",
            "disable_password_authentication": true,
            "edge_zone": "",
            "encryption_at_host_enabled": false,
            "eviction_policy": "",
            "extensions_time_budget": "PT1H30M",
            "gallery_application": [],
            "id": "/subscriptions/433e2b60-a8c1-4445-a202-aa9c646e3998/resourceGroups/N01585456-assignment2-RG/providers/Microsoft.Compute/virtualMachines/linux-vm-1",
            "identity": [],
            "license_type": "",
            "location": "eastus",
            "max_bid_price": -1,
            "name": "linux-vm-1",
            "network_interface_ids": [
              "/subscriptions/433e2b60-a8c1-4445-a202-aa9c646e3998/resourceGroups/N01585456-assignment2-RG/providers/Microsoft.Network/networkInterfaces/linux-nic-1"
            ],
            "os_disk": [
              {
                "caching": "ReadWrite",
                "diff_disk_settings": [],
                "disk_encryption_set_id": "",
                "disk_size_gb": 30,
                "name": "linux-osdisk-1",
                "secure_vm_disk_encryption_set_id": "",
                "security_encryption_type": "",
                "storage_account_type": "Standard_LRS",
                "write_accelerator_enabled": false
              }
            ],
            "patch_assessment_mode": "ImageDefault",
            "patch_mode": "ImageDefault",
            "plan": [],
            "platform_fault_domain": -1,
            "priority": "Regular",
            "private_ip_address": "10.0.1.6",
            "private_ip_addresses": [
              "10.0.1.6"
            ],
            "provision_vm_agent": true,
            "proximity_placement_group_id": "",
            "public_ip_address": "20.124.229.17",
            "public_ip_addresses": [
              "20.124.229.17"
            ],
            "resource_group_name": "N01585456-assignment2-RG",
            "secret": [],
            "secure_boot_enabled": false,
            "size": "Standard_B1s",
            "source_image_id": "",
            "source_image_reference": [
              {
                "offer": "CentOS",
                "publisher": "OpenLogic",
                "sku": "8_2",
                "version": "latest"
              }
            ],
            "tags": {
              "Environment": "Lab",
              "ExpirationDate": "2023-06-30",
              "Name": "faiz.radhanpuri",
              "Project": "Automation Project – Assignment 2"
            },
            "termination_notification": null,
            "timeouts": null,
            "user_data": "",
            "virtual_machine_id": "d876266f-beef-4bc3-9f26-5f6ba20c70dc",
            "virtual_machine_scale_set_id": "",
            "vtpm_enabled": false,
            "zone": ""
          },
          "sensitive_attributes": [],
          "private": "eyJlMmJmYjczMC1lY2FhLTExZTYtOGY4OC0zNDM2M2JjN2M0YzAiOnsiY3JlYXRlIjoyNzAwMDAwMDAwMDAwLCJkZWxldGUiOjI3MDAwMDAwMDAwMDAsInJlYWQiOjMwMDAwMDAwMDAwMCwidXBkYXRlIjoyNzAwMDAwMDAwMDAwfX0=",
          "dependencies": [
            "module.common.azurerm_storage_account.storage_account",
            "module.linux.azurerm_availability_set.av_set5456",
            "module.linux.azurerm_network_interface.nic5456",
            "module.linux.azurerm_public_ip.public_ip5456",
            "module.network.azurerm_subnet.subnet5456",
            "module.network.azurerm_virtual_network.vnet5456",
            "module.rgroup.azurerm_resource_group.rgroup5456"
          ]
        },
        {
          "index_key": 1,
          "schema_version": 0,
          "attributes": {
            "additional_capabilities": [],
            "admin_password": null,
            "admin_ssh_key": [
              {
                "public_key": "ssh-rsa AAAAB3NzaC1yc2EAAAADAQABAAABgQDotcxaiT4sDBrMTAdyuOlNFDTY0E/Z1mGhoqzIDGJDfgHpIycYRIDGZt3RZm43tK+jcE198fkYdR6ADveTNZw9U1Jaae7+n6uCXI05lLDcJ+G1Y9r+U3CZvM6CRlIrrHY0qRQnHX2h6HQ4eRPVs43qh/CrDD2Y2MZZu6Nmfxka1x0yUo1yBKMp+fPW3snykhjEMnae4QPtS4j/rZusDWJSXaxZndgddMulmf3rLkljqXAOzCW1+MTETlfWD7403i26Ss1Ee77mWBpE51TLP7+9XKiUeLU3QJiw8gJxZixoRUa0EMFDOUms7cxUKOwCgFHO0zbPhmAha6N+EQB7qSQyHj/cldD1TgKz0yo5pp4Vg+3GH7KQCvKc4bZJo9B2HNyFOeXxqvIy86NEN+W7HcvS/hqNukqAux/zFJYeSF7oF4J2ICK7ohM9oXb0dJFhK22VTv/6ra9egtSzjxV64nLBm5WpduMVSnP3qMpuceqepFSKGjw3vugjdTY4KQBd2Qc= faizu@FaizusMAChine\n",
                "username": "adminuser"
              }
            ],
            "admin_username": "adminuser",
            "allow_extension_operations": true,
            "availability_set_id": "/subscriptions/433e2b60-a8c1-4445-a202-aa9c646e3998/resourceGroups/N01585456-assignment2-RG/providers/Microsoft.Compute/availabilitySets/LINUX-AV-SET5456",
            "boot_diagnostics": [
              {
                "storage_account_uri": "https://stacc5456.blob.core.windows.net/"
              }
            ],
            "capacity_reservation_group_id": "",
            "computer_name": "linux-vm-2-dnslabel",
            "custom_data": null,
            "dedicated_host_group_id": "",
            "dedicated_host_id": "",
            "disable_password_authentication": true,
            "edge_zone": "",
            "encryption_at_host_enabled": false,
            "eviction_policy": "",
            "extensions_time_budget": "PT1H30M",
            "gallery_application": [],
            "id": "/subscriptions/433e2b60-a8c1-4445-a202-aa9c646e3998/resourceGroups/N01585456-assignment2-RG/providers/Microsoft.Compute/virtualMachines/linux-vm-2",
            "identity": [],
            "license_type": "",
            "location": "eastus",
            "max_bid_price": -1,
            "name": "linux-vm-2",
            "network_interface_ids": [
              "/subscriptions/433e2b60-a8c1-4445-a202-aa9c646e3998/resourceGroups/N01585456-assignment2-RG/providers/Microsoft.Network/networkInterfaces/linux-nic-2"
            ],
            "os_disk": [
              {
                "caching": "ReadWrite",
                "diff_disk_settings": [],
                "disk_encryption_set_id": "",
                "disk_size_gb": 30,
                "name": "linux-osdisk-2",
                "secure_vm_disk_encryption_set_id": "",
                "security_encryption_type": "",
                "storage_account_type": "Standard_LRS",
                "write_accelerator_enabled": false
              }
            ],
            "patch_assessment_mode": "ImageDefault",
            "patch_mode": "ImageDefault",
            "plan": [],
            "platform_fault_domain": -1,
            "priority": "Regular",
            "private_ip_address": "10.0.1.5",
            "private_ip_addresses": [
              "10.0.1.5"
            ],
            "provision_vm_agent": true,
            "proximity_placement_group_id": "",
            "public_ip_address": "20.124.216.234",
            "public_ip_addresses": [
              "20.124.216.234"
            ],
            "resource_group_name": "N01585456-assignment2-RG",
            "secret": [],
            "secure_boot_enabled": false,
            "size": "Standard_B1s",
            "source_image_id": "",
            "source_image_reference": [
              {
                "offer": "CentOS",
                "publisher": "OpenLogic",
                "sku": "8_2",
                "version": "latest"
              }
            ],
            "tags": {
              "Environment": "Lab",
              "ExpirationDate": "2023-06-30",
              "Name": "faiz.radhanpuri",
              "Project": "Automation Project – Assignment 2"
            },
            "termination_notification": null,
            "timeouts": null,
            "user_data": "",
            "virtual_machine_id": "f6582be1-3aa1-4af4-8867-f702463c3600",
            "virtual_machine_scale_set_id": "",
            "vtpm_enabled": false,
            "zone": ""
          },
          "sensitive_attributes": [],
          "private": "eyJlMmJmYjczMC1lY2FhLTExZTYtOGY4OC0zNDM2M2JjN2M0YzAiOnsiY3JlYXRlIjoyNzAwMDAwMDAwMDAwLCJkZWxldGUiOjI3MDAwMDAwMDAwMDAsInJlYWQiOjMwMDAwMDAwMDAwMCwidXBkYXRlIjoyNzAwMDAwMDAwMDAwfX0=",
          "dependencies": [
            "module.common.azurerm_storage_account.storage_account",
            "module.linux.azurerm_availability_set.av_set5456",
            "module.linux.azurerm_network_interface.nic5456",
            "module.linux.azurerm_public_ip.public_ip5456",
            "module.network.azurerm_subnet.subnet5456",
            "module.network.azurerm_virtual_network.vnet5456",
            "module.rgroup.azurerm_resource_group.rgroup5456"
          ]
        }
      ]
    },
    {
      "module": "module.linux",
      "mode": "managed",
      "type": "azurerm_network_interface",
      "name": "nic5456",
      "provider": "provider[\"registry.terraform.io/hashicorp/azurerm\"]",
      "instances": [
        {
          "index_key": 0,
          "schema_version": 0,
          "attributes": {
            "applied_dns_servers": [],
            "dns_servers": [],
            "edge_zone": "",
            "enable_accelerated_networking": false,
            "enable_ip_forwarding": false,
            "id": "/subscriptions/433e2b60-a8c1-4445-a202-aa9c646e3998/resourceGroups/N01585456-assignment2-RG/providers/Microsoft.Network/networkInterfaces/linux-nic-1",
            "internal_dns_name_label": "",
            "internal_domain_name_suffix": "5ct3ebgkf05e1mw4iinsoxmayc.bx.internal.cloudapp.net",
            "ip_configuration": [
              {
                "gateway_load_balancer_frontend_ip_configuration_id": "",
                "name": "linux-nic-ip-config-1",
                "primary": true,
                "private_ip_address": "10.0.1.6",
                "private_ip_address_allocation": "Dynamic",
                "private_ip_address_version": "IPv4",
                "public_ip_address_id": "/subscriptions/433e2b60-a8c1-4445-a202-aa9c646e3998/resourceGroups/N01585456-assignment2-RG/providers/Microsoft.Network/publicIPAddresses/linux-publicip-1",
                "subnet_id": "/subscriptions/433e2b60-a8c1-4445-a202-aa9c646e3998/resourceGroups/N01585456-assignment2-RG/providers/Microsoft.Network/virtualNetworks/vnet5456/subnets/subnet1"
              }
            ],
            "location": "eastus",
            "mac_address": "",
            "name": "linux-nic-1",
            "private_ip_address": "10.0.1.6",
            "private_ip_addresses": [
              "10.0.1.6"
            ],
            "resource_group_name": "N01585456-assignment2-RG",
            "tags": {
              "Environment": "Lab",
              "ExpirationDate": "2023-06-30",
              "Name": "faiz.radhanpuri",
              "Project": "Automation Project – Assignment 2"
            },
            "timeouts": null,
            "virtual_machine_id": ""
          },
          "sensitive_attributes": [],
          "private": "eyJlMmJmYjczMC1lY2FhLTExZTYtOGY4OC0zNDM2M2JjN2M0YzAiOnsiY3JlYXRlIjoxODAwMDAwMDAwMDAwLCJkZWxldGUiOjE4MDAwMDAwMDAwMDAsInJlYWQiOjMwMDAwMDAwMDAwMCwidXBkYXRlIjoxODAwMDAwMDAwMDAwfX0=",
          "dependencies": [
            "module.linux.azurerm_public_ip.public_ip5456",
            "module.network.azurerm_subnet.subnet5456",
            "module.network.azurerm_virtual_network.vnet5456",
            "module.rgroup.azurerm_resource_group.rgroup5456"
          ]
        },
        {
          "index_key": 1,
          "schema_version": 0,
          "attributes": {
            "applied_dns_servers": [],
            "dns_servers": [],
            "edge_zone": "",
            "enable_accelerated_networking": false,
            "enable_ip_forwarding": false,
            "id": "/subscriptions/433e2b60-a8c1-4445-a202-aa9c646e3998/resourceGroups/N01585456-assignment2-RG/providers/Microsoft.Network/networkInterfaces/linux-nic-2",
            "internal_dns_name_label": "",
            "internal_domain_name_suffix": "5ct3ebgkf05e1mw4iinsoxmayc.bx.internal.cloudapp.net",
            "ip_configuration": [
              {
                "gateway_load_balancer_frontend_ip_configuration_id": "",
                "name": "linux-nic-ip-config-2",
                "primary": true,
                "private_ip_address": "10.0.1.5",
                "private_ip_address_allocation": "Dynamic",
                "private_ip_address_version": "IPv4",
                "public_ip_address_id": "/subscriptions/433e2b60-a8c1-4445-a202-aa9c646e3998/resourceGroups/N01585456-assignment2-RG/providers/Microsoft.Network/publicIPAddresses/linux-publicip-2",
                "subnet_id": "/subscriptions/433e2b60-a8c1-4445-a202-aa9c646e3998/resourceGroups/N01585456-assignment2-RG/providers/Microsoft.Network/virtualNetworks/vnet5456/subnets/subnet1"
              }
            ],
            "location": "eastus",
            "mac_address": "",
            "name": "linux-nic-2",
            "private_ip_address": "10.0.1.5",
            "private_ip_addresses": [
              "10.0.1.5"
            ],
            "resource_group_name": "N01585456-assignment2-RG",
            "tags": {
              "Environment": "Lab",
              "ExpirationDate": "2023-06-30",
              "Name": "faiz.radhanpuri",
              "Project": "Automation Project – Assignment 2"
            },
            "timeouts": null,
            "virtual_machine_id": ""
          },
          "sensitive_attributes": [],
          "private": "eyJlMmJmYjczMC1lY2FhLTExZTYtOGY4OC0zNDM2M2JjN2M0YzAiOnsiY3JlYXRlIjoxODAwMDAwMDAwMDAwLCJkZWxldGUiOjE4MDAwMDAwMDAwMDAsInJlYWQiOjMwMDAwMDAwMDAwMCwidXBkYXRlIjoxODAwMDAwMDAwMDAwfX0=",
          "dependencies": [
            "module.linux.azurerm_public_ip.public_ip5456",
            "module.network.azurerm_subnet.subnet5456",
            "module.network.azurerm_virtual_network.vnet5456",
            "module.rgroup.azurerm_resource_group.rgroup5456"
          ]
        }
      ]
    },
    {
      "module": "module.linux",
      "mode": "managed",
      "type": "azurerm_public_ip",
      "name": "public_ip5456",
      "provider": "provider[\"registry.terraform.io/hashicorp/azurerm\"]",
      "instances": [
        {
          "index_key": 0,
          "schema_version": 0,
          "attributes": {
            "allocation_method": "Static",
            "ddos_protection_mode": "VirtualNetworkInherited",
            "ddos_protection_plan_id": null,
            "domain_name_label": null,
            "edge_zone": "",
            "fqdn": null,
            "id": "/subscriptions/433e2b60-a8c1-4445-a202-aa9c646e3998/resourceGroups/N01585456-assignment2-RG/providers/Microsoft.Network/publicIPAddresses/linux-publicip-1",
            "idle_timeout_in_minutes": 4,
            "ip_address": "20.124.229.17",
            "ip_tags": null,
            "ip_version": "IPv4",
            "location": "eastus",
            "name": "linux-publicip-1",
            "public_ip_prefix_id": null,
            "resource_group_name": "N01585456-assignment2-RG",
            "reverse_fqdn": null,
            "sku": "Basic",
            "sku_tier": "Regional",
            "tags": {
              "Environment": "Lab",
              "ExpirationDate": "2023-06-30",
              "Name": "faiz.radhanpuri",
              "Project": "Automation Project – Assignment 2"
            },
            "timeouts": null,
            "zones": null
          },
          "sensitive_attributes": [],
          "private": "eyJlMmJmYjczMC1lY2FhLTExZTYtOGY4OC0zNDM2M2JjN2M0YzAiOnsiY3JlYXRlIjoxODAwMDAwMDAwMDAwLCJkZWxldGUiOjE4MDAwMDAwMDAwMDAsInJlYWQiOjMwMDAwMDAwMDAwMCwidXBkYXRlIjoxODAwMDAwMDAwMDAwfX0=",
          "dependencies": [
            "module.rgroup.azurerm_resource_group.rgroup5456"
          ]
        },
        {
          "index_key": 1,
          "schema_version": 0,
          "attributes": {
            "allocation_method": "Static",
            "ddos_protection_mode": "VirtualNetworkInherited",
            "ddos_protection_plan_id": null,
            "domain_name_label": null,
            "edge_zone": "",
            "fqdn": null,
            "id": "/subscriptions/433e2b60-a8c1-4445-a202-aa9c646e3998/resourceGroups/N01585456-assignment2-RG/providers/Microsoft.Network/publicIPAddresses/linux-publicip-2",
            "idle_timeout_in_minutes": 4,
            "ip_address": "20.124.216.234",
            "ip_tags": null,
            "ip_version": "IPv4",
            "location": "eastus",
            "name": "linux-publicip-2",
            "public_ip_prefix_id": null,
            "resource_group_name": "N01585456-assignment2-RG",
            "reverse_fqdn": null,
            "sku": "Basic",
            "sku_tier": "Regional",
            "tags": {
              "Environment": "Lab",
              "ExpirationDate": "2023-06-30",
              "Name": "faiz.radhanpuri",
              "Project": "Automation Project – Assignment 2"
            },
            "timeouts": null,
            "zones": null
          },
          "sensitive_attributes": [],
          "private": "eyJlMmJmYjczMC1lY2FhLTExZTYtOGY4OC0zNDM2M2JjN2M0YzAiOnsiY3JlYXRlIjoxODAwMDAwMDAwMDAwLCJkZWxldGUiOjE4MDAwMDAwMDAwMDAsInJlYWQiOjMwMDAwMDAwMDAwMCwidXBkYXRlIjoxODAwMDAwMDAwMDAwfX0=",
          "dependencies": [
            "module.rgroup.azurerm_resource_group.rgroup5456"
          ]
        }
      ]
    },
    {
      "module": "module.linux",
      "mode": "managed",
      "type": "azurerm_virtual_machine_extension",
      "name": "network_watcher_extension",
      "provider": "provider[\"registry.terraform.io/hashicorp/azurerm\"]",
      "instances": [
        {
          "index_key": 0,
          "schema_version": 0,
          "attributes": {
            "auto_upgrade_minor_version": false,
            "automatic_upgrade_enabled": false,
            "failure_suppression_enabled": false,
            "id": "/subscriptions/433e2b60-a8c1-4445-a202-aa9c646e3998/resourceGroups/N01585456-assignment2-RG/providers/Microsoft.Compute/virtualMachines/linux-vm-1/extensions/linux-network-watcher-extension-1",
            "name": "linux-network-watcher-extension-1",
            "protected_settings": null,
            "protected_settings_from_key_vault": [],
            "publisher": "Microsoft.Azure.NetworkWatcher",
            "settings": null,
            "tags": {
              "Environment": "Lab",
              "ExpirationDate": "2023-06-30",
              "Name": "faiz.radhanpuri",
              "Project": "Automation Project – Assignment 2"
            },
            "timeouts": null,
            "type": "NetworkWatcherAgentLinux",
            "type_handler_version": "1.4",
            "virtual_machine_id": "/subscriptions/433e2b60-a8c1-4445-a202-aa9c646e3998/resourceGroups/N01585456-assignment2-RG/providers/Microsoft.Compute/virtualMachines/linux-vm-1"
          },
          "sensitive_attributes": [],
          "private": "eyJlMmJmYjczMC1lY2FhLTExZTYtOGY4OC0zNDM2M2JjN2M0YzAiOnsiY3JlYXRlIjoxODAwMDAwMDAwMDAwLCJkZWxldGUiOjE4MDAwMDAwMDAwMDAsInJlYWQiOjMwMDAwMDAwMDAwMCwidXBkYXRlIjoxODAwMDAwMDAwMDAwfX0=",
          "dependencies": [
            "module.common.azurerm_storage_account.storage_account",
            "module.linux.azurerm_availability_set.av_set5456",
            "module.linux.azurerm_linux_virtual_machine.linux_vm",
            "module.linux.azurerm_network_interface.nic5456",
            "module.linux.azurerm_public_ip.public_ip5456",
            "module.network.azurerm_subnet.subnet5456",
            "module.network.azurerm_virtual_network.vnet5456",
            "module.rgroup.azurerm_resource_group.rgroup5456"
          ]
        },
        {
          "index_key": 1,
          "schema_version": 0,
          "attributes": {
            "auto_upgrade_minor_version": false,
            "automatic_upgrade_enabled": false,
            "failure_suppression_enabled": false,
            "id": "/subscriptions/433e2b60-a8c1-4445-a202-aa9c646e3998/resourceGroups/N01585456-assignment2-RG/providers/Microsoft.Compute/virtualMachines/linux-vm-2/extensions/linux-network-watcher-extension-2",
            "name": "linux-network-watcher-extension-2",
            "protected_settings": null,
            "protected_settings_from_key_vault": [],
            "publisher": "Microsoft.Azure.NetworkWatcher",
            "settings": null,
            "tags": {
              "Environment": "Lab",
              "ExpirationDate": "2023-06-30",
              "Name": "faiz.radhanpuri",
              "Project": "Automation Project – Assignment 2"
            },
            "timeouts": null,
            "type": "NetworkWatcherAgentLinux",
            "type_handler_version": "1.4",
            "virtual_machine_id": "/subscriptions/433e2b60-a8c1-4445-a202-aa9c646e3998/resourceGroups/N01585456-assignment2-RG/providers/Microsoft.Compute/virtualMachines/linux-vm-2"
          },
          "sensitive_attributes": [],
          "private": "eyJlMmJmYjczMC1lY2FhLTExZTYtOGY4OC0zNDM2M2JjN2M0YzAiOnsiY3JlYXRlIjoxODAwMDAwMDAwMDAwLCJkZWxldGUiOjE4MDAwMDAwMDAwMDAsInJlYWQiOjMwMDAwMDAwMDAwMCwidXBkYXRlIjoxODAwMDAwMDAwMDAwfX0=",
          "dependencies": [
            "module.common.azurerm_storage_account.storage_account",
            "module.linux.azurerm_availability_set.av_set5456",
            "module.linux.azurerm_linux_virtual_machine.linux_vm",
            "module.linux.azurerm_network_interface.nic5456",
            "module.linux.azurerm_public_ip.public_ip5456",
            "module.network.azurerm_subnet.subnet5456",
            "module.network.azurerm_virtual_network.vnet5456",
            "module.rgroup.azurerm_resource_group.rgroup5456"
          ]
        }
      ]
    },
    {
      "module": "module.loadbalancer",
      "mode": "managed",
      "type": "azurerm_lb",
      "name": "lb",
      "provider": "provider[\"registry.terraform.io/hashicorp/azurerm\"]",
      "instances": [
        {
          "schema_version": 0,
          "attributes": {
            "edge_zone": "",
            "frontend_ip_configuration": [
              {
                "gateway_load_balancer_frontend_ip_configuration_id": "",
                "id": "/subscriptions/433e2b60-a8c1-4445-a202-aa9c646e3998/resourceGroups/N01585456-assignment2-RG/providers/Microsoft.Network/loadBalancers/loadbalancer/frontendIPConfigurations/PublicIPAddress",
                "inbound_nat_rules": [],
                "load_balancer_rules": [],
                "name": "PublicIPAddress",
                "outbound_rules": [],
                "private_ip_address": "",
                "private_ip_address_allocation": "Dynamic",
                "private_ip_address_version": "",
                "public_ip_address_id": "/subscriptions/433e2b60-a8c1-4445-a202-aa9c646e3998/resourceGroups/N01585456-assignment2-RG/providers/Microsoft.Network/publicIPAddresses/PublicIPForLB",
                "public_ip_prefix_id": "",
                "subnet_id": "",
                "zones": null
              }
            ],
            "id": "/subscriptions/433e2b60-a8c1-4445-a202-aa9c646e3998/resourceGroups/N01585456-assignment2-RG/providers/Microsoft.Network/loadBalancers/loadbalancer",
            "location": "eastus",
            "name": "loadbalancer",
            "private_ip_address": "",
            "private_ip_addresses": [],
            "resource_group_name": "N01585456-assignment2-RG",
            "sku": "Basic",
            "sku_tier": "Regional",
            "tags": null,
            "timeouts": null
          },
          "sensitive_attributes": [],
          "private": "eyJlMmJmYjczMC1lY2FhLTExZTYtOGY4OC0zNDM2M2JjN2M0YzAiOnsiY3JlYXRlIjoxODAwMDAwMDAwMDAwLCJkZWxldGUiOjE4MDAwMDAwMDAwMDAsInJlYWQiOjMwMDAwMDAwMDAwMCwidXBkYXRlIjoxODAwMDAwMDAwMDAwfX0=",
          "dependencies": [
            "module.loadbalancer.azurerm_public_ip.lbpublicip",
            "module.rgroup.azurerm_resource_group.rgroup5456"
          ]
        }
      ]
    },
    {
      "module": "module.loadbalancer",
      "mode": "managed",
      "type": "azurerm_lb_backend_address_pool",
      "name": "pool",
      "provider": "provider[\"registry.terraform.io/hashicorp/azurerm\"]",
      "instances": [
        {
          "index_key": 0,
          "schema_version": 0,
          "attributes": {
            "backend_ip_configurations": [],
            "id": "/subscriptions/433e2b60-a8c1-4445-a202-aa9c646e3998/resourceGroups/N01585456-assignment2-RG/providers/Microsoft.Network/loadBalancers/loadbalancer/backendAddressPools/pool-1",
            "inbound_nat_rules": [],
            "load_balancing_rules": [],
            "loadbalancer_id": "/subscriptions/433e2b60-a8c1-4445-a202-aa9c646e3998/resourceGroups/N01585456-assignment2-RG/providers/Microsoft.Network/loadBalancers/loadbalancer",
            "name": "pool-1",
            "outbound_rules": [],
            "timeouts": null,
            "tunnel_interface": [],
            "virtual_network_id": ""
          },
          "sensitive_attributes": [],
          "private": "eyJlMmJmYjczMC1lY2FhLTExZTYtOGY4OC0zNDM2M2JjN2M0YzAiOnsiY3JlYXRlIjoxODAwMDAwMDAwMDAwLCJkZWxldGUiOjE4MDAwMDAwMDAwMDAsInJlYWQiOjMwMDAwMDAwMDAwMCwidXBkYXRlIjoxODAwMDAwMDAwMDAwfX0=",
          "dependencies": [
            "module.loadbalancer.azurerm_lb.lb",
            "module.loadbalancer.azurerm_public_ip.lbpublicip",
            "module.rgroup.azurerm_resource_group.rgroup5456"
          ]
        },
        {
          "index_key": 1,
          "schema_version": 0,
          "attributes": {
            "backend_ip_configurations": [],
            "id": "/subscriptions/433e2b60-a8c1-4445-a202-aa9c646e3998/resourceGroups/N01585456-assignment2-RG/providers/Microsoft.Network/loadBalancers/loadbalancer/backendAddressPools/pool-2",
            "inbound_nat_rules": [],
            "load_balancing_rules": [],
            "loadbalancer_id": "/subscriptions/433e2b60-a8c1-4445-a202-aa9c646e3998/resourceGroups/N01585456-assignment2-RG/providers/Microsoft.Network/loadBalancers/loadbalancer",
            "name": "pool-2",
            "outbound_rules": [],
            "timeouts": null,
            "tunnel_interface": [],
            "virtual_network_id": ""
          },
          "sensitive_attributes": [],
          "private": "eyJlMmJmYjczMC1lY2FhLTExZTYtOGY4OC0zNDM2M2JjN2M0YzAiOnsiY3JlYXRlIjoxODAwMDAwMDAwMDAwLCJkZWxldGUiOjE4MDAwMDAwMDAwMDAsInJlYWQiOjMwMDAwMDAwMDAwMCwidXBkYXRlIjoxODAwMDAwMDAwMDAwfX0=",
          "dependencies": [
            "module.loadbalancer.azurerm_lb.lb",
            "module.loadbalancer.azurerm_public_ip.lbpublicip",
            "module.rgroup.azurerm_resource_group.rgroup5456"
          ]
        }
      ]
    },
    {
      "module": "module.loadbalancer",
      "mode": "managed",
      "type": "azurerm_lb_probe",
      "name": "probe",
      "provider": "provider[\"registry.terraform.io/hashicorp/azurerm\"]",
      "instances": [
        {
          "schema_version": 0,
          "attributes": {
            "id": "/subscriptions/433e2b60-a8c1-4445-a202-aa9c646e3998/resourceGroups/N01585456-assignment2-RG/providers/Microsoft.Network/loadBalancers/loadbalancer/probes/probe",
            "interval_in_seconds": 5,
            "load_balancer_rules": [],
            "loadbalancer_id": "/subscriptions/433e2b60-a8c1-4445-a202-aa9c646e3998/resourceGroups/N01585456-assignment2-RG/providers/Microsoft.Network/loadBalancers/loadbalancer",
            "name": "probe",
            "number_of_probes": 2,
            "port": 80,
            "probe_threshold": 1,
            "protocol": "Http",
            "request_path": "/",
            "timeouts": null
          },
          "sensitive_attributes": [],
          "private": "eyJlMmJmYjczMC1lY2FhLTExZTYtOGY4OC0zNDM2M2JjN2M0YzAiOnsiY3JlYXRlIjoxODAwMDAwMDAwMDAwLCJkZWxldGUiOjE4MDAwMDAwMDAwMDAsInJlYWQiOjMwMDAwMDAwMDAwMCwidXBkYXRlIjoxODAwMDAwMDAwMDAwfX0=",
          "dependencies": [
            "module.loadbalancer.azurerm_lb.lb",
            "module.loadbalancer.azurerm_public_ip.lbpublicip",
            "module.rgroup.azurerm_resource_group.rgroup5456"
          ]
        }
      ]
    },
    {
      "module": "module.loadbalancer",
      "mode": "managed",
      "type": "azurerm_public_ip",
      "name": "lbpublicip",
      "provider": "provider[\"registry.terraform.io/hashicorp/azurerm\"]",
      "instances": [
        {
          "schema_version": 0,
          "attributes": {
            "allocation_method": "Static",
            "ddos_protection_mode": "VirtualNetworkInherited",
            "ddos_protection_plan_id": null,
            "domain_name_label": null,
            "edge_zone": "",
            "fqdn": null,
            "id": "/subscriptions/433e2b60-a8c1-4445-a202-aa9c646e3998/resourceGroups/N01585456-assignment2-RG/providers/Microsoft.Network/publicIPAddresses/PublicIPForLB",
            "idle_timeout_in_minutes": 4,
            "ip_address": "20.120.9.213",
            "ip_tags": null,
            "ip_version": "IPv4",
            "location": "eastus",
            "name": "PublicIPForLB",
            "public_ip_prefix_id": null,
            "resource_group_name": "N01585456-assignment2-RG",
            "reverse_fqdn": null,
            "sku": "Basic",
            "sku_tier": "Regional",
            "tags": null,
            "timeouts": null,
            "zones": null
          },
          "sensitive_attributes": [],
          "private": "eyJlMmJmYjczMC1lY2FhLTExZTYtOGY4OC0zNDM2M2JjN2M0YzAiOnsiY3JlYXRlIjoxODAwMDAwMDAwMDAwLCJkZWxldGUiOjE4MDAwMDAwMDAwMDAsInJlYWQiOjMwMDAwMDAwMDAwMCwidXBkYXRlIjoxODAwMDAwMDAwMDAwfX0=",
          "dependencies": [
            "module.rgroup.azurerm_resource_group.rgroup5456"
          ]
        }
      ]
    },
    {
      "module": "module.network",
      "mode": "managed",
      "type": "azurerm_subnet",
      "name": "subnet5456",
      "provider": "provider[\"registry.terraform.io/hashicorp/azurerm\"]",
      "instances": [
        {
          "schema_version": 0,
          "attributes": {
            "address_prefixes": [
              "10.0.1.0/24"
            ],
            "delegation": [],
            "enforce_private_link_endpoint_network_policies": false,
            "enforce_private_link_service_network_policies": false,
            "id": "/subscriptions/433e2b60-a8c1-4445-a202-aa9c646e3998/resourceGroups/N01585456-assignment2-RG/providers/Microsoft.Network/virtualNetworks/vnet5456/subnets/subnet1",
            "name": "subnet1",
            "private_endpoint_network_policies_enabled": true,
            "private_link_service_network_policies_enabled": true,
            "resource_group_name": "N01585456-assignment2-RG",
            "service_endpoint_policy_ids": null,
            "service_endpoints": null,
            "timeouts": null,
            "virtual_network_name": "vnet5456"
          },
          "sensitive_attributes": [],
          "private": "eyJlMmJmYjczMC1lY2FhLTExZTYtOGY4OC0zNDM2M2JjN2M0YzAiOnsiY3JlYXRlIjoxODAwMDAwMDAwMDAwLCJkZWxldGUiOjE4MDAwMDAwMDAwMDAsInJlYWQiOjMwMDAwMDAwMDAwMCwidXBkYXRlIjoxODAwMDAwMDAwMDAwfX0=",
          "dependencies": [
            "module.network.azurerm_virtual_network.vnet5456",
            "module.rgroup.azurerm_resource_group.rgroup5456"
          ]
        }
      ]
    },
    {
      "module": "module.network",
      "mode": "managed",
      "type": "azurerm_virtual_network",
      "name": "vnet5456",
      "provider": "provider[\"registry.terraform.io/hashicorp/azurerm\"]",
      "instances": [
        {
          "schema_version": 0,
          "attributes": {
            "address_space": [
              "10.0.0.0/16"
            ],
            "bgp_community": "",
            "ddos_protection_plan": [],
            "dns_servers": [],
            "edge_zone": "",
            "flow_timeout_in_minutes": 0,
            "guid": "04d2a7f8-2eca-4dbe-b2de-421b275d80c2",
            "id": "/subscriptions/433e2b60-a8c1-4445-a202-aa9c646e3998/resourceGroups/N01585456-assignment2-RG/providers/Microsoft.Network/virtualNetworks/vnet5456",
            "location": "eastus",
            "name": "vnet5456",
            "resource_group_name": "N01585456-assignment2-RG",
            "subnet": [],
            "tags": null,
            "timeouts": null
          },
          "sensitive_attributes": [],
          "private": "eyJlMmJmYjczMC1lY2FhLTExZTYtOGY4OC0zNDM2M2JjN2M0YzAiOnsiY3JlYXRlIjoxODAwMDAwMDAwMDAwLCJkZWxldGUiOjE4MDAwMDAwMDAwMDAsInJlYWQiOjMwMDAwMDAwMDAwMCwidXBkYXRlIjoxODAwMDAwMDAwMDAwfX0=",
          "dependencies": [
            "module.rgroup.azurerm_resource_group.rgroup5456"
          ]
        }
      ]
    },
    {
      "module": "module.rgroup",
      "mode": "managed",
      "type": "azurerm_resource_group",
      "name": "rgroup5456",
      "provider": "provider[\"registry.terraform.io/hashicorp/azurerm\"]",
      "instances": [
        {
          "schema_version": 0,
          "attributes": {
            "id": "/subscriptions/433e2b60-a8c1-4445-a202-aa9c646e3998/resourceGroups/N01585456-assignment2-RG",
            "location": "eastus",
            "name": "N01585456-assignment2-RG",
            "tags": {
              "Environment": "Lab",
              "ExpirationDate": "2023-06-30",
              "Name": "faiz.radhanpuri",
              "Project": "Automation Project – Assignment 2"
            },
            "timeouts": null
          },
          "sensitive_attributes": [],
          "private": "eyJlMmJmYjczMC1lY2FhLTExZTYtOGY4OC0zNDM2M2JjN2M0YzAiOnsiY3JlYXRlIjo1NDAwMDAwMDAwMDAwLCJkZWxldGUiOjU0MDAwMDAwMDAwMDAsInJlYWQiOjMwMDAwMDAwMDAwMCwidXBkYXRlIjo1NDAwMDAwMDAwMDAwfX0="
        }
      ]
    },
    {
      "module": "module.vm_windows",
      "mode": "managed",
      "type": "azurerm_availability_set",
      "name": "windows_availaibility_set",
      "provider": "provider[\"registry.terraform.io/hashicorp/azurerm\"]",
      "instances": [
        {
          "schema_version": 0,
          "attributes": {
            "id": "/subscriptions/433e2b60-a8c1-4445-a202-aa9c646e3998/resourceGroups/N01585456-assignment2-RG/providers/Microsoft.Compute/availabilitySets/5456windows-availaibility-set",
            "location": "eastus",
            "managed": true,
            "name": "5456windows-availaibility-set",
            "platform_fault_domain_count": 2,
            "platform_update_domain_count": 2,
            "proximity_placement_group_id": null,
            "resource_group_name": "N01585456-assignment2-RG",
            "tags": {
              "Environment": "Lab",
              "ExpirationDate": "2023-06-30",
              "Name": "faiz.radhanpuri",
              "Project": "Automation Project – Assignment 2"
            },
            "timeouts": null
          },
          "sensitive_attributes": [],
          "private": "eyJlMmJmYjczMC1lY2FhLTExZTYtOGY4OC0zNDM2M2JjN2M0YzAiOnsiY3JlYXRlIjoxODAwMDAwMDAwMDAwLCJkZWxldGUiOjE4MDAwMDAwMDAwMDAsInJlYWQiOjMwMDAwMDAwMDAwMCwidXBkYXRlIjoxODAwMDAwMDAwMDAwfX0=",
          "dependencies": [
            "module.rgroup.azurerm_resource_group.rgroup5456"
          ]
        }
      ]
    },
    {
      "module": "module.vm_windows",
      "mode": "managed",
      "type": "azurerm_network_interface",
      "name": "vm_nic5456",
      "provider": "provider[\"registry.terraform.io/hashicorp/azurerm\"]",
      "instances": [
        {
          "schema_version": 0,
          "attributes": {
            "applied_dns_servers": [],
            "dns_servers": [],
            "edge_zone": "",
            "enable_accelerated_networking": false,
            "enable_ip_forwarding": false,
            "id": "/subscriptions/433e2b60-a8c1-4445-a202-aa9c646e3998/resourceGroups/N01585456-assignment2-RG/providers/Microsoft.Network/networkInterfaces/5456vm-nic-windows",
            "internal_dns_name_label": "",
            "internal_domain_name_suffix": "5ct3ebgkf05e1mw4iinsoxmayc.bx.internal.cloudapp.net",
            "ip_configuration": [
              {
                "gateway_load_balancer_frontend_ip_configuration_id": "",
                "name": "vm-ip-config-windows",
                "primary": true,
                "private_ip_address": "10.0.1.4",
                "private_ip_address_allocation": "Dynamic",
                "private_ip_address_version": "IPv4",
                "public_ip_address_id": "/subscriptions/433e2b60-a8c1-4445-a202-aa9c646e3998/resourceGroups/N01585456-assignment2-RG/providers/Microsoft.Network/publicIPAddresses/5456vm-windows-public-ip",
                "subnet_id": "/subscriptions/433e2b60-a8c1-4445-a202-aa9c646e3998/resourceGroups/N01585456-assignment2-RG/providers/Microsoft.Network/virtualNetworks/vnet5456/subnets/subnet1"
              }
            ],
            "location": "eastus",
            "mac_address": "",
            "name": "5456vm-nic-windows",
            "private_ip_address": "10.0.1.4",
            "private_ip_addresses": [
              "10.0.1.4"
            ],
            "resource_group_name": "N01585456-assignment2-RG",
            "tags": null,
            "timeouts": null,
            "virtual_machine_id": ""
          },
          "sensitive_attributes": [],
          "private": "eyJlMmJmYjczMC1lY2FhLTExZTYtOGY4OC0zNDM2M2JjN2M0YzAiOnsiY3JlYXRlIjoxODAwMDAwMDAwMDAwLCJkZWxldGUiOjE4MDAwMDAwMDAwMDAsInJlYWQiOjMwMDAwMDAwMDAwMCwidXBkYXRlIjoxODAwMDAwMDAwMDAwfX0=",
          "dependencies": [
            "module.network.azurerm_subnet.subnet5456",
            "module.network.azurerm_virtual_network.vnet5456",
            "module.rgroup.azurerm_resource_group.rgroup5456",
            "module.vm_windows.azurerm_public_ip.windows_public_ip"
          ]
        }
      ]
    },
    {
      "module": "module.vm_windows",
      "mode": "managed",
      "type": "azurerm_public_ip",
      "name": "windows_public_ip",
      "provider": "provider[\"registry.terraform.io/hashicorp/azurerm\"]",
      "instances": [
        {
          "schema_version": 0,
          "attributes": {
            "allocation_method": "Static",
            "ddos_protection_mode": "VirtualNetworkInherited",
            "ddos_protection_plan_id": null,
            "domain_name_label": "win5456publicip",
            "edge_zone": "",
            "fqdn": "win5456publicip.eastus.cloudapp.azure.com",
            "id": "/subscriptions/433e2b60-a8c1-4445-a202-aa9c646e3998/resourceGroups/N01585456-assignment2-RG/providers/Microsoft.Network/publicIPAddresses/5456vm-windows-public-ip",
            "idle_timeout_in_minutes": 4,
            "ip_address": "20.124.237.33",
            "ip_tags": null,
            "ip_version": "IPv4",
            "location": "eastus",
            "name": "5456vm-windows-public-ip",
            "public_ip_prefix_id": null,
            "resource_group_name": "N01585456-assignment2-RG",
            "reverse_fqdn": "",
            "sku": "Basic",
            "sku_tier": "Regional",
            "tags": {
              "Environment": "Lab",
              "ExpirationDate": "2023-06-30",
              "Name": "faiz.radhanpuri",
              "Project": "Automation Project – Assignment 2"
            },
            "timeouts": null,
            "zones": null
          },
          "sensitive_attributes": [],
          "private": "eyJlMmJmYjczMC1lY2FhLTExZTYtOGY4OC0zNDM2M2JjN2M0YzAiOnsiY3JlYXRlIjoxODAwMDAwMDAwMDAwLCJkZWxldGUiOjE4MDAwMDAwMDAwMDAsInJlYWQiOjMwMDAwMDAwMDAwMCwidXBkYXRlIjoxODAwMDAwMDAwMDAwfX0=",
          "dependencies": [
            "module.rgroup.azurerm_resource_group.rgroup5456"
          ]
        }
      ]
    },
    {
      "module": "module.vm_windows",
      "mode": "managed",
      "type": "azurerm_virtual_machine",
      "name": "windows_vm",
      "provider": "provider[\"registry.terraform.io/hashicorp/azurerm\"]",
      "instances": [
        {
          "schema_version": 0,
          "attributes": {
            "additional_capabilities": [],
            "availability_set_id": "/subscriptions/433e2b60-a8c1-4445-a202-aa9c646e3998/resourcegroups/n01585456-assignment2-rg/providers/microsoft.compute/availabilitysets/5456windows-availaibility-set",
            "boot_diagnostics": [
              {
                "enabled": true,
                "storage_uri": "https://stacc5456.blob.core.windows.net/"
              }
            ],
            "delete_data_disks_on_termination": false,
            "delete_os_disk_on_termination": false,
            "id": "/subscriptions/433e2b60-a8c1-4445-a202-aa9c646e3998/resourceGroups/N01585456-assignment2-RG/providers/Microsoft.Compute/virtualMachines/vm-windows",
            "identity": [],
            "license_type": null,
            "location": "eastus",
            "name": "vm-windows",
            "network_interface_ids": [
              "/subscriptions/433e2b60-a8c1-4445-a202-aa9c646e3998/resourceGroups/N01585456-assignment2-RG/providers/Microsoft.Network/networkInterfaces/5456vm-nic-windows"
            ],
            "os_profile": [
              {
                "admin_password": "",
                "admin_username": "adminuser",
                "computer_name": "vm-windows",
                "custom_data": ""
              }
            ],
            "os_profile_linux_config": [],
            "os_profile_secrets": [],
            "os_profile_windows_config": [
              {
                "additional_unattend_config": [],
                "enable_automatic_upgrades": true,
                "provision_vm_agent": true,
                "timezone": "",
                "winrm": []
              }
            ],
            "plan": [],
            "primary_network_interface_id": null,
            "proximity_placement_group_id": null,
            "resource_group_name": "N01585456-assignment2-RG",
            "storage_data_disk": [],
            "storage_image_reference": [
              {
                "id": "",
                "offer": "WindowsServer",
                "publisher": "MicrosoftWindowsServer",
                "sku": "2016-Datacenter",
                "version": "latest"
              }
            ],
            "storage_os_disk": [
              {
                "caching": "ReadWrite",
                "create_option": "FromImage",
                "disk_size_gb": 127,
                "image_uri": "",
                "managed_disk_id": "/subscriptions/433e2b60-a8c1-4445-a202-aa9c646e3998/resourceGroups/N01585456-assignment2-RG/providers/Microsoft.Compute/disks/osdisk-windows",
                "managed_disk_type": "Premium_LRS",
                "name": "osdisk-windows",
                "os_type": "Windows",
                "vhd_uri": "",
                "write_accelerator_enabled": false
              }
            ],
            "tags": {
              "Environment": "Lab",
              "ExpirationDate": "2023-06-30",
              "Name": "faiz.radhanpuri",
              "Project": "Automation Project – Assignment 2"
            },
            "timeouts": null,
            "vm_size": "Standard_B1s",
            "zones": null
          },
          "sensitive_attributes": [],
          "private": "eyJlMmJmYjczMC1lY2FhLTExZTYtOGY4OC0zNDM2M2JjN2M0YzAiOnsiY3JlYXRlIjozNjAwMDAwMDAwMDAwLCJkZWxldGUiOjM2MDAwMDAwMDAwMDAsInJlYWQiOjMwMDAwMDAwMDAwMCwidXBkYXRlIjozNjAwMDAwMDAwMDAwfX0=",
          "dependencies": [
            "module.common.azurerm_storage_account.storage_account",
            "module.network.azurerm_subnet.subnet5456",
            "module.network.azurerm_virtual_network.vnet5456",
            "module.rgroup.azurerm_resource_group.rgroup5456",
            "module.vm_windows.azurerm_availability_set.windows_availaibility_set",
            "module.vm_windows.azurerm_network_interface.vm_nic5456",
            "module.vm_windows.azurerm_public_ip.windows_public_ip"
          ]
        }
      ]
    },
    {
      "module": "module.vm_windows",
      "mode": "managed",
      "type": "azurerm_virtual_machine_extension",
      "name": "vm_windows_extension",
      "provider": "provider[\"registry.terraform.io/hashicorp/azurerm\"]",
      "instances": [
        {
          "schema_version": 0,
          "attributes": {
            "auto_upgrade_minor_version": true,
            "automatic_upgrade_enabled": false,
            "failure_suppression_enabled": false,
            "id": "/subscriptions/433e2b60-a8c1-4445-a202-aa9c646e3998/resourceGroups/N01585456-assignment2-RG/providers/Microsoft.Compute/virtualMachines/vm-windows/extensions/IaaSAntimalware",
            "name": "IaaSAntimalware",
            "protected_settings": null,
            "protected_settings_from_key_vault": [],
            "publisher": "Microsoft.Azure.Security",
            "settings": null,
            "tags": null,
            "timeouts": null,
            "type": "IaaSAntimalware",
            "type_handler_version": "1.3",
            "virtual_machine_id": "/subscriptions/433e2b60-a8c1-4445-a202-aa9c646e3998/resourceGroups/N01585456-assignment2-RG/providers/Microsoft.Compute/virtualMachines/vm-windows"
          },
          "sensitive_attributes": [],
          "private": "eyJlMmJmYjczMC1lY2FhLTExZTYtOGY4OC0zNDM2M2JjN2M0YzAiOnsiY3JlYXRlIjoxODAwMDAwMDAwMDAwLCJkZWxldGUiOjE4MDAwMDAwMDAwMDAsInJlYWQiOjMwMDAwMDAwMDAwMCwidXBkYXRlIjoxODAwMDAwMDAwMDAwfX0=",
          "dependencies": [
            "module.common.azurerm_storage_account.storage_account",
            "module.network.azurerm_subnet.subnet5456",
            "module.network.azurerm_virtual_network.vnet5456",
            "module.rgroup.azurerm_resource_group.rgroup5456",
            "module.vm_windows.azurerm_availability_set.windows_availaibility_set",
            "module.vm_windows.azurerm_network_interface.vm_nic5456",
            "module.vm_windows.azurerm_public_ip.windows_public_ip",
            "module.vm_windows.azurerm_virtual_machine.windows_vm"
          ]
        }
      ]
    }
  ],
  "check_results": null
}
